
Microsoft Visual Studio Solution File, Format Version 12.00
# Visual Studio Version 16
VisualStudioVersion = 16.0.29709.97
MinimumVisualStudioVersion = 10.0.40219.1
Project("{FAE04EC0-301F-11D3-BF4B-00C04F79EFBC}") = "VideoCapture", "VideoCapture\VideoCapture.csproj", "{87FD6847-9EDF-4608-B900-E2EBE80F3EDF}"
EndProject
Project("{FAE04EC0-301F-11D3-BF4B-00C04F79EFBC}") = "VideoCaptureApp", "VideoCaptureApp\VideoCaptureApp.csproj", "{8797492E-AF66-43B5-A52B-114B5F1D4020}"
EndProject
Project("{FAE04EC0-301F-11D3-BF4B-00C04F79EFBC}") = "Lib", "Lib\Lib.csproj", "{2D81DDA4-D3BD-465B-93F1-6523AF9D585C}"
EndProject
Global
	GlobalSection(SolutionConfigurationPlatforms) = preSolution
		Debug|Any CPU = Debug|Any CPU
		Release|Any CPU = Release|Any CPU
	EndGlobalSection
	GlobalSection(ProjectConfigurationPlatforms) = postSolution
		{87FD6847-9EDF-4608-B900-E2EBE80F3EDF}.Debug|Any CPU.ActiveCfg = Debug|Any CPU
		{87FD6847-9EDF-4608-B900-E2EBE80F3EDF}.Debug|Any CPU.Build.0 = Debug|Any CPU
		{87FD6847-9EDF-4608-B900-E2EBE80F3EDF}.Release|Any CPU.ActiveCfg = Release|Any CPU
		{87FD6847-9EDF-4608-B900-E2EBE80F3EDF}.Release|Any CPU.Build.0 = Release|Any CPU
		{8797492E-AF66-43B5-A52B-114B5F1D4020}.Debug|Any CPU.ActiveCfg = Debug|Any CPU
		{8797492E-AF66-43B5-A52B-114B5F1D4020}.Debug|Any CPU.Build.0 = Debug|Any CPU
		{8797492E-AF66-43B5-A52B-114B5F1D4020}.Release|Any CPU.ActiveCfg = Release|Any CPU
		{8797492E-AF66-43B5-A52B-114B5F1D4020}.Release|Any CPU.Build.0 = Release|Any CPU
		{2D81DDA4-D3BD-465B-93F1-6523AF9D585C}.Debug|Any CPU.ActiveCfg = Debug|Any CPU
		{2D81DDA4-D3BD-465B-93F1-6523AF9D585C}.Debug|Any CPU.Build.0 = Debug|Any CPU
		{2D81DDA4-D3BD-465B-93F1-6523AF9D585C}.Release|Any CPU.ActiveCfg = Release|Any CPU
		{2D81DDA4-D3BD-465B-93F1-6523AF9D585C}.Release|Any CPU.Build.0 = Release|Any CPU
	EndGlobalSection
	GlobalSection(SolutionProperties) = preSolution
		HideSolutionNode = FALSE
	EndGlobalSection
	GlobalSection(ExtensibilityGlobals) = postSolution
		SolutionGuid = {619F6613-10F5-4F39-9E91-39AE90A9BC7C}
	EndGlobalSection
EndGlobal
